
Microsoft Visual Studio Solution File, Format Version 12.00
# Visual Studio Version 17
VisualStudioVersion = 17.4.33213.308
MinimumVisualStudioVersion = 10.0.40219.1
Project("{9A19103F-16F7-4668-BE54-9A1E7A4F7556}") = "CommerceApp", "CommerceApp.csproj", "{EC2C3A00-28EF-4554-B77E-7187FB847AF1}"
EndProject
Project("{2150E333-8FDC-42A3-9474-1A3956D46DE8}") = "SQL", "SQL", "{4D1B6D51-BE32-45E8-9A5E-3F882D4CB472}"
	ProjectSection(SolutionItems) = preProject
		DDL.sql = DDL.sql
		DML.sql = DML.sql
	EndProjectSection
EndProject
Global
	GlobalSection(SolutionConfigurationPlatforms) = preSolution
		Debug|Any CPU = Debug|Any CPU
		Release|Any CPU = Release|Any CPU
	EndGlobalSection
	GlobalSection(ProjectConfigurationPlatforms) = postSolution
		{EC2C3A00-28EF-4554-B77E-7187FB847AF1}.Debug|Any CPU.ActiveCfg = Debug|Any CPU
		{EC2C3A00-28EF-4554-B77E-7187FB847AF1}.Debug|Any CPU.Build.0 = Debug|Any CPU
		{EC2C3A00-28EF-4554-B77E-7187FB847AF1}.Release|Any CPU.ActiveCfg = Release|Any CPU
		{EC2C3A00-28EF-4554-B77E-7187FB847AF1}.Release|Any CPU.Build.0 = Release|Any CPU
	EndGlobalSection
	GlobalSection(SolutionProperties) = preSolution
		HideSolutionNode = FALSE
	EndGlobalSection
	GlobalSection(ExtensibilityGlobals) = postSolution
		SolutionGuid = {2D6E5B63-385C-41F3-AEBD-AED8800E8749}
	EndGlobalSection
EndGlobal
